Microsoft Visual Studio Solution File, Format Version 11.00
# Visual Studio 2008

Project("{B4F0D948-4F19-05A1-3E20-E0D363520F30}") = "Roller", "Assembly-CSharp-firstpass-vs.csproj", "{28713215-1B13-D637-E7D3-CA460A4CC1A7}"
EndProject
Project("{B4F0D948-4F19-05A1-3E20-E0D363520F30}") = "Roller", "Assembly-CSharp-vs.csproj", "{BA2ACF93-7A80-1426-6162-BBAF66038056}"
EndProject
Project("{B4F0D948-4F19-05A1-3E20-E0D363520F30}") = "Roller", "Assembly-CSharp-Editor-firstpass-vs.csproj", "{8B61B32B-65D1-C252-1AA7-69EE06CF44A6}"
EndProject
Project("{B4F0D948-4F19-05A1-3E20-E0D363520F30}") = "Roller", "Assembly-CSharp-Editor-vs.csproj", "{779F64AB-A39A-B0BC-D2AA-36C7B0AC8DCC}"
EndProject
Global
	GlobalSection(SolutionConfigurationPlatforms) = preSolution
		Debug|Any CPU = Debug|Any CPU
		Release|Any CPU = Release|Any CPU
	EndGlobalSection
	GlobalSection(ProjectConfigurationPlatforms) = postSolution
		{28713215-1B13-D637-E7D3-CA460A4CC1A7}.Debug|Any CPU.ActiveCfg = Debug|Any CPU
		{28713215-1B13-D637-E7D3-CA460A4CC1A7}.Debug|Any CPU.Build.0 = Debug|Any CPU
		{28713215-1B13-D637-E7D3-CA460A4CC1A7}.Release|Any CPU.ActiveCfg = Release|Any CPU
		{28713215-1B13-D637-E7D3-CA460A4CC1A7}.Release|Any CPU.Build.0 = Release|Any CPU
		{BA2ACF93-7A80-1426-6162-BBAF66038056}.Debug|Any CPU.ActiveCfg = Debug|Any CPU
		{BA2ACF93-7A80-1426-6162-BBAF66038056}.Debug|Any CPU.Build.0 = Debug|Any CPU
		{BA2ACF93-7A80-1426-6162-BBAF66038056}.Release|Any CPU.ActiveCfg = Release|Any CPU
		{BA2ACF93-7A80-1426-6162-BBAF66038056}.Release|Any CPU.Build.0 = Release|Any CPU
		{8B61B32B-65D1-C252-1AA7-69EE06CF44A6}.Debug|Any CPU.ActiveCfg = Debug|Any CPU
		{8B61B32B-65D1-C252-1AA7-69EE06CF44A6}.Debug|Any CPU.Build.0 = Debug|Any CPU
		{8B61B32B-65D1-C252-1AA7-69EE06CF44A6}.Release|Any CPU.ActiveCfg = Release|Any CPU
		{8B61B32B-65D1-C252-1AA7-69EE06CF44A6}.Release|Any CPU.Build.0 = Release|Any CPU
		{779F64AB-A39A-B0BC-D2AA-36C7B0AC8DCC}.Debug|Any CPU.ActiveCfg = Debug|Any CPU
		{779F64AB-A39A-B0BC-D2AA-36C7B0AC8DCC}.Debug|Any CPU.Build.0 = Debug|Any CPU
		{779F64AB-A39A-B0BC-D2AA-36C7B0AC8DCC}.Release|Any CPU.ActiveCfg = Release|Any CPU
		{779F64AB-A39A-B0BC-D2AA-36C7B0AC8DCC}.Release|Any CPU.Build.0 = Release|Any CPU
	EndGlobalSection
	GlobalSection(SolutionProperties) = preSolution
		HideSolutionNode = FALSE
	EndGlobalSection
																																																																												GlobalSection(MonoDevelopProperties) = preSolution
		StartupItem = Assembly-CSharp.csproj
		Policies = $0
		$0.TextStylePolicy = $1
		$1.inheritsSet = null
		$1.scope = text/x-csharp
		$0.CSharpFormattingPolicy = $2
		$2.inheritsSet = Mono
		$2.inheritsScope = text/x-csharp
		$2.scope = text/x-csharp
		$0.TextStylePolicy = $3
		$3.FileWidth = 120
		$3.TabWidth = 4
		$3.EolMarker = Unix
		$3.inheritsSet = Mono
		$3.inheritsScope = text/plain
		$3.scope = text/plain
	EndGlobalSection

EndGlobal
